
Microsoft Visual Studio Solution File, Format Version 11.00
# Visual Studio 2010
Project("{FAE04EC0-301F-11D3-BF4B-00C04F79EFBC}") = "Northwind.Data", "Northwind.Data\Northwind.Data.csproj", "{0B403B34-B8C3-402E-B195-F2CD4002DCCB}"
EndProject
Project("{2150E333-8FDC-42A3-9474-1A3956D46DE8}") = "Data", "Data", "{6D23F3BA-FB0E-44BF-BD2A-5F87FC71CB98}"
EndProject
Project("{2150E333-8FDC-42A3-9474-1A3956D46DE8}") = "Host", "Host", "{B13A8FC1-91D2-499C-B672-427DE276D550}"
EndProject
Project("{FAE04EC0-301F-11D3-BF4B-00C04F79EFBC}") = "Northwind.Host", "Northwind.Host.Web\Northwind.Host.csproj", "{492BA87C-6D79-4722-91FE-8F356C7B3A64}"
EndProject
Project("{2150E333-8FDC-42A3-9474-1A3956D46DE8}") = "Service", "Service", "{C79DEF34-B644-419C-ABCD-076E6E8C75EC}"
EndProject
Project("{FAE04EC0-301F-11D3-BF4B-00C04F79EFBC}") = "Northwind.ServiceBase", "Northwind.ServiceBase\Northwind.ServiceBase.csproj", "{3B12E984-CC87-42E2-AF76-EFA9025BDF89}"
EndProject
Project("{FAE04EC0-301F-11D3-BF4B-00C04F79EFBC}") = "Northwind.ServiceInterface", "Northwind.ServiceInterface\Northwind.ServiceInterface.csproj", "{90D13AF8-B307-4F5D-AE29-5439C954180B}"
EndProject
Project("{FAE04EC0-301F-11D3-BF4B-00C04F79EFBC}") = "Northwind.ServiceModel", "Northwind.ServiceModel\Northwind.ServiceModel.csproj", "{767242D5-7351-43AA-9C0F-8EC621FF1125}"
EndProject
Project("{2150E333-8FDC-42A3-9474-1A3956D46DE8}") = "Test", "Test", "{1CE8110E-4C50-45C7-8D14-43031163FF37}"
EndProject
Project("{2150E333-8FDC-42A3-9474-1A3956D46DE8}") = "Common", "Common", "{B20ED208-B459-4D90-A96C-E98A515C8C0B}"
EndProject
Project("{FAE04EC0-301F-11D3-BF4B-00C04F79EFBC}") = "Northwind.Common", "Northwind.Common\Northwind.Common.csproj", "{D0E4AB68-7E09-4D2D-890B-8A41FE0D15A6}"
EndProject
Project("{FAE04EC0-301F-11D3-BF4B-00C04F79EFBC}") = "Northwind.Test", "Northwind.Test\Northwind.Test.csproj", "{9CBA7F26-10CE-4483-B43A-ABBAC9079424}"
EndProject
Project("{FAE04EC0-301F-11D3-BF4B-00C04F79EFBC}") = "ManHouse.Host", "ManHouse.Host\ManHouse.Host.csproj", "{C6D7534C-A7D0-481E-B31A-82A03F6EA185}"
EndProject
Project("{FAE04EC0-301F-11D3-BF4B-00C04F79EFBC}") = "ManHouse.ServiceBase", "ManHose.ServiceBase\ManHouse.ServiceBase.csproj", "{392760D5-597C-4037-96F8-BBAC4FD48D3B}"
EndProject
Project("{FAE04EC0-301F-11D3-BF4B-00C04F79EFBC}") = "ManHouse.Data", "ManHouse.Data\ManHouse.Data.csproj", "{0D115534-5F15-4C0A-B4EF-6C3102400FA4}"
EndProject
Project("{FAE04EC0-301F-11D3-BF4B-00C04F79EFBC}") = "ManHouse.Common", "ManHouse.Common\ManHouse.Common.csproj", "{A03961A5-140E-41E2-85A4-44B2E13B3EEF}"
EndProject
Project("{FAE04EC0-301F-11D3-BF4B-00C04F79EFBC}") = "ManHouse.ServiceInterface", "ManHouse.ServiceInterface\ManHouse.ServiceInterface.csproj", "{D6A2B855-3743-415C-B832-682C0BA2E84E}"
EndProject
Project("{FAE04EC0-301F-11D3-BF4B-00C04F79EFBC}") = "ManHouse.ServiceModel", "ManHouse.ServiceModel\ManHouse.ServiceModel.csproj", "{3F6F1778-5EC9-414F-BA57-197F854093F1}"
EndProject
Global
	GlobalSection(SolutionConfigurationPlatforms) = preSolution
		Debug|Any CPU = Debug|Any CPU
		Debug|Mixed Platforms = Debug|Mixed Platforms
		Debug|x86 = Debug|x86
		Release|Any CPU = Release|Any CPU
		Release|Mixed Platforms = Release|Mixed Platforms
		Release|x86 = Release|x86
	EndGlobalSection
	GlobalSection(ProjectConfigurationPlatforms) = postSolution
		{0B403B34-B8C3-402E-B195-F2CD4002DCCB}.Debug|Any CPU.ActiveCfg = Debug|Any CPU
		{0B403B34-B8C3-402E-B195-F2CD4002DCCB}.Debug|Any CPU.Build.0 = Debug|Any CPU
		{0B403B34-B8C3-402E-B195-F2CD4002DCCB}.Debug|Mixed Platforms.ActiveCfg = Debug|Any CPU
		{0B403B34-B8C3-402E-B195-F2CD4002DCCB}.Debug|Mixed Platforms.Build.0 = Debug|Any CPU
		{0B403B34-B8C3-402E-B195-F2CD4002DCCB}.Debug|x86.ActiveCfg = Debug|Any CPU
		{0B403B34-B8C3-402E-B195-F2CD4002DCCB}.Release|Any CPU.ActiveCfg = Release|Any CPU
		{0B403B34-B8C3-402E-B195-F2CD4002DCCB}.Release|Any CPU.Build.0 = Release|Any CPU
		{0B403B34-B8C3-402E-B195-F2CD4002DCCB}.Release|Mixed Platforms.ActiveCfg = Release|Any CPU
		{0B403B34-B8C3-402E-B195-F2CD4002DCCB}.Release|Mixed Platforms.Build.0 = Release|Any CPU
		{0B403B34-B8C3-402E-B195-F2CD4002DCCB}.Release|x86.ActiveCfg = Release|Any CPU
		{492BA87C-6D79-4722-91FE-8F356C7B3A64}.Debug|Any CPU.ActiveCfg = Debug|Any CPU
		{492BA87C-6D79-4722-91FE-8F356C7B3A64}.Debug|Any CPU.Build.0 = Debug|Any CPU
		{492BA87C-6D79-4722-91FE-8F356C7B3A64}.Debug|Mixed Platforms.ActiveCfg = Debug|Any CPU
		{492BA87C-6D79-4722-91FE-8F356C7B3A64}.Debug|Mixed Platforms.Build.0 = Debug|Any CPU
		{492BA87C-6D79-4722-91FE-8F356C7B3A64}.Debug|x86.ActiveCfg = Debug|Any CPU
		{492BA87C-6D79-4722-91FE-8F356C7B3A64}.Release|Any CPU.ActiveCfg = Release|Any CPU
		{492BA87C-6D79-4722-91FE-8F356C7B3A64}.Release|Any CPU.Build.0 = Release|Any CPU
		{492BA87C-6D79-4722-91FE-8F356C7B3A64}.Release|Mixed Platforms.ActiveCfg = Release|Any CPU
		{492BA87C-6D79-4722-91FE-8F356C7B3A64}.Release|Mixed Platforms.Build.0 = Release|Any CPU
		{492BA87C-6D79-4722-91FE-8F356C7B3A64}.Release|x86.ActiveCfg = Release|Any CPU
		{3B12E984-CC87-42E2-AF76-EFA9025BDF89}.Debug|Any CPU.ActiveCfg = Debug|Any CPU
		{3B12E984-CC87-42E2-AF76-EFA9025BDF89}.Debug|Any CPU.Build.0 = Debug|Any CPU
		{3B12E984-CC87-42E2-AF76-EFA9025BDF89}.Debug|Mixed Platforms.ActiveCfg = Debug|Any CPU
		{3B12E984-CC87-42E2-AF76-EFA9025BDF89}.Debug|Mixed Platforms.Build.0 = Debug|Any CPU
		{3B12E984-CC87-42E2-AF76-EFA9025BDF89}.Debug|x86.ActiveCfg = Debug|Any CPU
		{3B12E984-CC87-42E2-AF76-EFA9025BDF89}.Release|Any CPU.ActiveCfg = Release|Any CPU
		{3B12E984-CC87-42E2-AF76-EFA9025BDF89}.Release|Any CPU.Build.0 = Release|Any CPU
		{3B12E984-CC87-42E2-AF76-EFA9025BDF89}.Release|Mixed Platforms.ActiveCfg = Release|Any CPU
		{3B12E984-CC87-42E2-AF76-EFA9025BDF89}.Release|Mixed Platforms.Build.0 = Release|Any CPU
		{3B12E984-CC87-42E2-AF76-EFA9025BDF89}.Release|x86.ActiveCfg = Release|Any CPU
		{90D13AF8-B307-4F5D-AE29-5439C954180B}.Debug|Any CPU.ActiveCfg = Debug|Any CPU
		{90D13AF8-B307-4F5D-AE29-5439C954180B}.Debug|Any CPU.Build.0 = Debug|Any CPU
		{90D13AF8-B307-4F5D-AE29-5439C954180B}.Debug|Mixed Platforms.ActiveCfg = Debug|Any CPU
		{90D13AF8-B307-4F5D-AE29-5439C954180B}.Debug|Mixed Platforms.Build.0 = Debug|Any CPU
		{90D13AF8-B307-4F5D-AE29-5439C954180B}.Debug|x86.ActiveCfg = Debug|Any CPU
		{90D13AF8-B307-4F5D-AE29-5439C954180B}.Release|Any CPU.ActiveCfg = Release|Any CPU
		{90D13AF8-B307-4F5D-AE29-5439C954180B}.Release|Any CPU.Build.0 = Release|Any CPU
		{90D13AF8-B307-4F5D-AE29-5439C954180B}.Release|Mixed Platforms.ActiveCfg = Release|Any CPU
		{90D13AF8-B307-4F5D-AE29-5439C954180B}.Release|Mixed Platforms.Build.0 = Release|Any CPU
		{90D13AF8-B307-4F5D-AE29-5439C954180B}.Release|x86.ActiveCfg = Release|Any CPU
		{767242D5-7351-43AA-9C0F-8EC621FF1125}.Debug|Any CPU.ActiveCfg = Debug|Any CPU
		{767242D5-7351-43AA-9C0F-8EC621FF1125}.Debug|Any CPU.Build.0 = Debug|Any CPU
		{767242D5-7351-43AA-9C0F-8EC621FF1125}.Debug|Mixed Platforms.ActiveCfg = Debug|Any CPU
		{767242D5-7351-43AA-9C0F-8EC621FF1125}.Debug|Mixed Platforms.Build.0 = Debug|Any CPU
		{767242D5-7351-43AA-9C0F-8EC621FF1125}.Debug|x86.ActiveCfg = Debug|Any CPU
		{767242D5-7351-43AA-9C0F-8EC621FF1125}.Release|Any CPU.ActiveCfg = Release|Any CPU
		{767242D5-7351-43AA-9C0F-8EC621FF1125}.Release|Any CPU.Build.0 = Release|Any CPU
		{767242D5-7351-43AA-9C0F-8EC621FF1125}.Release|Mixed Platforms.ActiveCfg = Release|Any CPU
		{767242D5-7351-43AA-9C0F-8EC621FF1125}.Release|Mixed Platforms.Build.0 = Release|Any CPU
		{767242D5-7351-43AA-9C0F-8EC621FF1125}.Release|x86.ActiveCfg = Release|Any CPU
		{D0E4AB68-7E09-4D2D-890B-8A41FE0D15A6}.Debug|Any CPU.ActiveCfg = Debug|Any CPU
		{D0E4AB68-7E09-4D2D-890B-8A41FE0D15A6}.Debug|Any CPU.Build.0 = Debug|Any CPU
		{D0E4AB68-7E09-4D2D-890B-8A41FE0D15A6}.Debug|Mixed Platforms.ActiveCfg = Debug|Any CPU
		{D0E4AB68-7E09-4D2D-890B-8A41FE0D15A6}.Debug|Mixed Platforms.Build.0 = Debug|Any CPU
		{D0E4AB68-7E09-4D2D-890B-8A41FE0D15A6}.Debug|x86.ActiveCfg = Debug|Any CPU
		{D0E4AB68-7E09-4D2D-890B-8A41FE0D15A6}.Release|Any CPU.ActiveCfg = Release|Any CPU
		{D0E4AB68-7E09-4D2D-890B-8A41FE0D15A6}.Release|Any CPU.Build.0 = Release|Any CPU
		{D0E4AB68-7E09-4D2D-890B-8A41FE0D15A6}.Release|Mixed Platforms.ActiveCfg = Release|Any CPU
		{D0E4AB68-7E09-4D2D-890B-8A41FE0D15A6}.Release|Mixed Platforms.Build.0 = Release|Any CPU
		{D0E4AB68-7E09-4D2D-890B-8A41FE0D15A6}.Release|x86.ActiveCfg = Release|Any CPU
		{9CBA7F26-10CE-4483-B43A-ABBAC9079424}.Debug|Any CPU.ActiveCfg = Debug|Any CPU
		{9CBA7F26-10CE-4483-B43A-ABBAC9079424}.Debug|Any CPU.Build.0 = Debug|Any CPU
		{9CBA7F26-10CE-4483-B43A-ABBAC9079424}.Debug|Mixed Platforms.ActiveCfg = Debug|Any CPU
		{9CBA7F26-10CE-4483-B43A-ABBAC9079424}.Debug|Mixed Platforms.Build.0 = Debug|Any CPU
		{9CBA7F26-10CE-4483-B43A-ABBAC9079424}.Debug|x86.ActiveCfg = Debug|Any CPU
		{9CBA7F26-10CE-4483-B43A-ABBAC9079424}.Release|Any CPU.ActiveCfg = Release|Any CPU
		{9CBA7F26-10CE-4483-B43A-ABBAC9079424}.Release|Any CPU.Build.0 = Release|Any CPU
		{9CBA7F26-10CE-4483-B43A-ABBAC9079424}.Release|Mixed Platforms.ActiveCfg = Release|Any CPU
		{9CBA7F26-10CE-4483-B43A-ABBAC9079424}.Release|Mixed Platforms.Build.0 = Release|Any CPU
		{9CBA7F26-10CE-4483-B43A-ABBAC9079424}.Release|x86.ActiveCfg = Release|Any CPU
		{C6D7534C-A7D0-481E-B31A-82A03F6EA185}.Debug|Any CPU.ActiveCfg = Debug|Any CPU
		{C6D7534C-A7D0-481E-B31A-82A03F6EA185}.Debug|Any CPU.Build.0 = Debug|Any CPU
		{C6D7534C-A7D0-481E-B31A-82A03F6EA185}.Debug|Mixed Platforms.ActiveCfg = Debug|Any CPU
		{C6D7534C-A7D0-481E-B31A-82A03F6EA185}.Debug|Mixed Platforms.Build.0 = Debug|Any CPU
		{C6D7534C-A7D0-481E-B31A-82A03F6EA185}.Debug|x86.ActiveCfg = Debug|Any CPU
		{C6D7534C-A7D0-481E-B31A-82A03F6EA185}.Release|Any CPU.ActiveCfg = Release|Any CPU
		{C6D7534C-A7D0-481E-B31A-82A03F6EA185}.Release|Any CPU.Build.0 = Release|Any CPU
		{C6D7534C-A7D0-481E-B31A-82A03F6EA185}.Release|Mixed Platforms.ActiveCfg = Release|Any CPU
		{C6D7534C-A7D0-481E-B31A-82A03F6EA185}.Release|Mixed Platforms.Build.0 = Release|Any CPU
		{C6D7534C-A7D0-481E-B31A-82A03F6EA185}.Release|x86.ActiveCfg = Release|Any CPU
		{392760D5-597C-4037-96F8-BBAC4FD48D3B}.Debug|Any CPU.ActiveCfg = Debug|Any CPU
		{392760D5-597C-4037-96F8-BBAC4FD48D3B}.Debug|Any CPU.Build.0 = Debug|Any CPU
		{392760D5-597C-4037-96F8-BBAC4FD48D3B}.Debug|Mixed Platforms.ActiveCfg = Debug|Any CPU
		{392760D5-597C-4037-96F8-BBAC4FD48D3B}.Debug|Mixed Platforms.Build.0 = Debug|Any CPU
		{392760D5-597C-4037-96F8-BBAC4FD48D3B}.Debug|x86.ActiveCfg = Debug|Any CPU
		{392760D5-597C-4037-96F8-BBAC4FD48D3B}.Release|Any CPU.ActiveCfg = Release|Any CPU
		{392760D5-597C-4037-96F8-BBAC4FD48D3B}.Release|Any CPU.Build.0 = Release|Any CPU
		{392760D5-597C-4037-96F8-BBAC4FD48D3B}.Release|Mixed Platforms.ActiveCfg = Release|Any CPU
		{392760D5-597C-4037-96F8-BBAC4FD48D3B}.Release|Mixed Platforms.Build.0 = Release|Any CPU
		{392760D5-597C-4037-96F8-BBAC4FD48D3B}.Release|x86.ActiveCfg = Release|Any CPU
		{0D115534-5F15-4C0A-B4EF-6C3102400FA4}.Debug|Any CPU.ActiveCfg = Debug|Any CPU
		{0D115534-5F15-4C0A-B4EF-6C3102400FA4}.Debug|Any CPU.Build.0 = Debug|Any CPU
		{0D115534-5F15-4C0A-B4EF-6C3102400FA4}.Debug|Mixed Platforms.ActiveCfg = Debug|Any CPU
		{0D115534-5F15-4C0A-B4EF-6C3102400FA4}.Debug|Mixed Platforms.Build.0 = Debug|Any CPU
		{0D115534-5F15-4C0A-B4EF-6C3102400FA4}.Debug|x86.ActiveCfg = Debug|Any CPU
		{0D115534-5F15-4C0A-B4EF-6C3102400FA4}.Release|Any CPU.ActiveCfg = Release|Any CPU
		{0D115534-5F15-4C0A-B4EF-6C3102400FA4}.Release|Any CPU.Build.0 = Release|Any CPU
		{0D115534-5F15-4C0A-B4EF-6C3102400FA4}.Release|Mixed Platforms.ActiveCfg = Release|Any CPU
		{0D115534-5F15-4C0A-B4EF-6C3102400FA4}.Release|Mixed Platforms.Build.0 = Release|Any CPU
		{0D115534-5F15-4C0A-B4EF-6C3102400FA4}.Release|x86.ActiveCfg = Release|Any CPU
		{A03961A5-140E-41E2-85A4-44B2E13B3EEF}.Debug|Any CPU.ActiveCfg = Debug|Any CPU
		{A03961A5-140E-41E2-85A4-44B2E13B3EEF}.Debug|Any CPU.Build.0 = Debug|Any CPU
		{A03961A5-140E-41E2-85A4-44B2E13B3EEF}.Debug|Mixed Platforms.ActiveCfg = Debug|Any CPU
		{A03961A5-140E-41E2-85A4-44B2E13B3EEF}.Debug|Mixed Platforms.Build.0 = Debug|Any CPU
		{A03961A5-140E-41E2-85A4-44B2E13B3EEF}.Debug|x86.ActiveCfg = Debug|Any CPU
		{A03961A5-140E-41E2-85A4-44B2E13B3EEF}.Release|Any CPU.ActiveCfg = Release|Any CPU
		{A03961A5-140E-41E2-85A4-44B2E13B3EEF}.Release|Any CPU.Build.0 = Release|Any CPU
		{A03961A5-140E-41E2-85A4-44B2E13B3EEF}.Release|Mixed Platforms.ActiveCfg = Release|Any CPU
		{A03961A5-140E-41E2-85A4-44B2E13B3EEF}.Release|Mixed Platforms.Build.0 = Release|Any CPU
		{A03961A5-140E-41E2-85A4-44B2E13B3EEF}.Release|x86.ActiveCfg = Release|Any CPU
		{D6A2B855-3743-415C-B832-682C0BA2E84E}.Debug|Any CPU.ActiveCfg = Debug|Any CPU
		{D6A2B855-3743-415C-B832-682C0BA2E84E}.Debug|Any CPU.Build.0 = Debug|Any CPU
		{D6A2B855-3743-415C-B832-682C0BA2E84E}.Debug|Mixed Platforms.ActiveCfg = Debug|Any CPU
		{D6A2B855-3743-415C-B832-682C0BA2E84E}.Debug|Mixed Platforms.Build.0 = Debug|Any CPU
		{D6A2B855-3743-415C-B832-682C0BA2E84E}.Debug|x86.ActiveCfg = Debug|Any CPU
		{D6A2B855-3743-415C-B832-682C0BA2E84E}.Release|Any CPU.ActiveCfg = Release|Any CPU
		{D6A2B855-3743-415C-B832-682C0BA2E84E}.Release|Any CPU.Build.0 = Release|Any CPU
		{D6A2B855-3743-415C-B832-682C0BA2E84E}.Release|Mixed Platforms.ActiveCfg = Release|Any CPU
		{D6A2B855-3743-415C-B832-682C0BA2E84E}.Release|Mixed Platforms.Build.0 = Release|Any CPU
		{D6A2B855-3743-415C-B832-682C0BA2E84E}.Release|x86.ActiveCfg = Release|Any CPU
		{3F6F1778-5EC9-414F-BA57-197F854093F1}.Debug|Any CPU.ActiveCfg = Debug|Any CPU
		{3F6F1778-5EC9-414F-BA57-197F854093F1}.Debug|Any CPU.Build.0 = Debug|Any CPU
		{3F6F1778-5EC9-414F-BA57-197F854093F1}.Debug|Mixed Platforms.ActiveCfg = Debug|Any CPU
		{3F6F1778-5EC9-414F-BA57-197F854093F1}.Debug|Mixed Platforms.Build.0 = Debug|Any CPU
		{3F6F1778-5EC9-414F-BA57-197F854093F1}.Debug|x86.ActiveCfg = Debug|Any CPU
		{3F6F1778-5EC9-414F-BA57-197F854093F1}.Release|Any CPU.ActiveCfg = Release|Any CPU
		{3F6F1778-5EC9-414F-BA57-197F854093F1}.Release|Any CPU.Build.0 = Release|Any CPU
		{3F6F1778-5EC9-414F-BA57-197F854093F1}.Release|Mixed Platforms.ActiveCfg = Release|Any CPU
		{3F6F1778-5EC9-414F-BA57-197F854093F1}.Release|Mixed Platforms.Build.0 = Release|Any CPU
		{3F6F1778-5EC9-414F-BA57-197F854093F1}.Release|x86.ActiveCfg = Release|Any CPU
	EndGlobalSection
	GlobalSection(SolutionProperties) = preSolution
		HideSolutionNode = FALSE
	EndGlobalSection
	GlobalSection(NestedProjects) = preSolution
		{0B403B34-B8C3-402E-B195-F2CD4002DCCB} = {6D23F3BA-FB0E-44BF-BD2A-5F87FC71CB98}
		{0D115534-5F15-4C0A-B4EF-6C3102400FA4} = {6D23F3BA-FB0E-44BF-BD2A-5F87FC71CB98}
		{492BA87C-6D79-4722-91FE-8F356C7B3A64} = {B13A8FC1-91D2-499C-B672-427DE276D550}
		{C6D7534C-A7D0-481E-B31A-82A03F6EA185} = {B13A8FC1-91D2-499C-B672-427DE276D550}
		{3B12E984-CC87-42E2-AF76-EFA9025BDF89} = {C79DEF34-B644-419C-ABCD-076E6E8C75EC}
		{90D13AF8-B307-4F5D-AE29-5439C954180B} = {C79DEF34-B644-419C-ABCD-076E6E8C75EC}
		{767242D5-7351-43AA-9C0F-8EC621FF1125} = {C79DEF34-B644-419C-ABCD-076E6E8C75EC}
		{392760D5-597C-4037-96F8-BBAC4FD48D3B} = {C79DEF34-B644-419C-ABCD-076E6E8C75EC}
		{D6A2B855-3743-415C-B832-682C0BA2E84E} = {C79DEF34-B644-419C-ABCD-076E6E8C75EC}
		{3F6F1778-5EC9-414F-BA57-197F854093F1} = {C79DEF34-B644-419C-ABCD-076E6E8C75EC}
		{9CBA7F26-10CE-4483-B43A-ABBAC9079424} = {1CE8110E-4C50-45C7-8D14-43031163FF37}
		{D0E4AB68-7E09-4D2D-890B-8A41FE0D15A6} = {B20ED208-B459-4D90-A96C-E98A515C8C0B}
		{A03961A5-140E-41E2-85A4-44B2E13B3EEF} = {B20ED208-B459-4D90-A96C-E98A515C8C0B}
	EndGlobalSection
EndGlobal
