
Microsoft Visual Studio Solution File, Format Version 12.00
# Visual Studio Version 17
VisualStudioVersion = 17.0.31903.59
MinimumVisualStudioVersion = 10.0.40219.1
Project("{9A19103F-16F7-4668-BE54-9A1E7A4F7556}") = "Northwind.Shared", "Northwind.Shared\Northwind.Shared.csproj", "{676013CF-FD3C-4013-92A6-382660468D5B}"
EndProject
Project("{9A19103F-16F7-4668-BE54-9A1E7A4F7556}") = "Northwind.Customers.Api", "Northwind.Customers.Api\Northwind.Customers.Api.csproj", "{2F7F18DA-5F9E-4891-A2D3-718C6787E14D}"
EndProject
Project("{9A19103F-16F7-4668-BE54-9A1E7A4F7556}") = "Northwind.Orders.Api", "Northwind.Orders.Api\Northwind.Orders.Api.csproj", "{0232FB42-FEFD-44F3-A87C-5EABE943DA0F}"
EndProject
Project("{9A19103F-16F7-4668-BE54-9A1E7A4F7556}") = "Northwind.Customers.Infrastructure", "Northwind.Customers.Infrastructure\Northwind.Customers.Infrastructure.csproj", "{A1E0E155-4990-47A7-BFBE-72E106788D04}"
EndProject
Project("{9A19103F-16F7-4668-BE54-9A1E7A4F7556}") = "Northwind.Orders.Infrastructure", "Northwind.Orders.Infrastructure\Northwind.Orders.Infrastructure.csproj", "{FF8FC78D-F43B-4D33-B0B6-37490502C3F0}"
EndProject
Project("{2150E333-8FDC-42A3-9474-1A3956D46DE8}") = "Common", "Common", "{343FC067-5AB1-4A58-997D-8877849EDDF9}"
EndProject
Project("{2150E333-8FDC-42A3-9474-1A3956D46DE8}") = "Services", "Services", "{B5B49534-8978-4B68-939C-33504F500F31}"
EndProject
Project("{2150E333-8FDC-42A3-9474-1A3956D46DE8}") = "Orders", "Orders", "{1BDCF763-3439-438A-ADC9-137E24C757FC}"
EndProject
Project("{2150E333-8FDC-42A3-9474-1A3956D46DE8}") = "Customers", "Customers", "{5E0B5491-5EEF-4EA8-8255-4924AE326F02}"
EndProject
Project("{2150E333-8FDC-42A3-9474-1A3956D46DE8}") = "Products", "Products", "{D0F19B1D-FBFA-4D71-A304-B807B0285DD9}"
EndProject
Project("{9A19103F-16F7-4668-BE54-9A1E7A4F7556}") = "Northwind.Products.Infrastructure", "Northwind.Products.Infrastructure\Northwind.Products.Infrastructure.csproj", "{32A56B08-F8A4-4770-A98F-D7A05374ECBB}"
EndProject
Project("{2150E333-8FDC-42A3-9474-1A3956D46DE8}") = "Basket", "Basket", "{8148C9DC-F392-432E-8F34-B95EBB43BE85}"
EndProject
Project("{9A19103F-16F7-4668-BE54-9A1E7A4F7556}") = "Northwind.Products.Api", "Northwind.Products.Api\Northwind.Products.Api.csproj", "{C6ADF037-F53A-400E-9BAE-623CA6A696DF}"
EndProject
Project("{9A19103F-16F7-4668-BE54-9A1E7A4F7556}") = "Northwind.Orders.Application", "Northwind.Orders.Application\Northwind.Orders.Application.csproj", "{D845CE15-89C0-4E87-B5E4-44F99D9866B7}"
EndProject
Project("{9A19103F-16F7-4668-BE54-9A1E7A4F7556}") = "Northwind.Products.Application", "Northwind.Products.Application\Northwind.Products.Application.csproj", "{19E530BF-F874-4B18-96CC-FF00B5B6E71F}"
EndProject
Project("{9A19103F-16F7-4668-BE54-9A1E7A4F7556}") = "Northwind.Customers.Application", "Northwind.Customers.Application\Northwind.Customers.Application.csproj", "{6563F17E-0DC9-4054-BCF3-6E3C04F6E10C}"
EndProject
Project("{9A19103F-16F7-4668-BE54-9A1E7A4F7556}") = "Northwind.Basket.Api", "Northwind.Basket.Api\Northwind.Basket.Api.csproj", "{DBB1BADD-CB6C-4AE2-A3AD-16F2AC238FEB}"
EndProject
Project("{9A19103F-16F7-4668-BE54-9A1E7A4F7556}") = "Northwind.Basket.Application", "Northwind.Basket.Application\Northwind.Basket.Application.csproj", "{79EEC98F-0904-4B5F-8FAC-73407772AD00}"
EndProject
Project("{9A19103F-16F7-4668-BE54-9A1E7A4F7556}") = "Northwind.Basket.Infrastructure", "Northwind.Basket.Infrastructure\Northwind.Basket.Infrastructure.csproj", "{2643F5B3-4113-47E4-82D9-B1981289FD27}"
EndProject
Project("{9A19103F-16F7-4668-BE54-9A1E7A4F7556}") = "Northwind.Basket.Domain", "Northwind.Basket.Domain\Northwind.Basket.Domain.csproj", "{734D586C-6D82-4B5A-AB76-5C29EA67D7DF}"
EndProject
Project("{2150E333-8FDC-42A3-9474-1A3956D46DE8}") = "Sql", "Sql", "{0F996611-F73F-4B4A-81DE-F7F0A7FB5768}"
	ProjectSection(SolutionItems) = preProject
		Sql\northwind.sql = Sql\northwind.sql
	EndProjectSection
EndProject
Project("{2150E333-8FDC-42A3-9474-1A3956D46DE8}") = "Gateway", "Gateway", "{003834D9-2822-4FEE-9BC3-16B8068D76EA}"
EndProject
Project("{FAE04EC0-301F-11D3-BF4B-00C04F79EFBC}") = "Northwind.Gateway", "Northwind.Gateway\Northwind.Gateway.csproj", "{39409C9E-298D-4A94-917D-F8511360EF7F}"
EndProject
Global
	GlobalSection(SolutionConfigurationPlatforms) = preSolution
		Debug|Any CPU = Debug|Any CPU
		Release|Any CPU = Release|Any CPU
	EndGlobalSection
	GlobalSection(ProjectConfigurationPlatforms) = postSolution
		{676013CF-FD3C-4013-92A6-382660468D5B}.Debug|Any CPU.ActiveCfg = Debug|Any CPU
		{676013CF-FD3C-4013-92A6-382660468D5B}.Debug|Any CPU.Build.0 = Debug|Any CPU
		{676013CF-FD3C-4013-92A6-382660468D5B}.Release|Any CPU.ActiveCfg = Release|Any CPU
		{676013CF-FD3C-4013-92A6-382660468D5B}.Release|Any CPU.Build.0 = Release|Any CPU
		{2F7F18DA-5F9E-4891-A2D3-718C6787E14D}.Debug|Any CPU.ActiveCfg = Debug|Any CPU
		{2F7F18DA-5F9E-4891-A2D3-718C6787E14D}.Debug|Any CPU.Build.0 = Debug|Any CPU
		{2F7F18DA-5F9E-4891-A2D3-718C6787E14D}.Release|Any CPU.ActiveCfg = Release|Any CPU
		{2F7F18DA-5F9E-4891-A2D3-718C6787E14D}.Release|Any CPU.Build.0 = Release|Any CPU
		{0232FB42-FEFD-44F3-A87C-5EABE943DA0F}.Debug|Any CPU.ActiveCfg = Debug|Any CPU
		{0232FB42-FEFD-44F3-A87C-5EABE943DA0F}.Debug|Any CPU.Build.0 = Debug|Any CPU
		{0232FB42-FEFD-44F3-A87C-5EABE943DA0F}.Release|Any CPU.ActiveCfg = Release|Any CPU
		{0232FB42-FEFD-44F3-A87C-5EABE943DA0F}.Release|Any CPU.Build.0 = Release|Any CPU
		{A1E0E155-4990-47A7-BFBE-72E106788D04}.Debug|Any CPU.ActiveCfg = Debug|Any CPU
		{A1E0E155-4990-47A7-BFBE-72E106788D04}.Debug|Any CPU.Build.0 = Debug|Any CPU
		{A1E0E155-4990-47A7-BFBE-72E106788D04}.Release|Any CPU.ActiveCfg = Release|Any CPU
		{A1E0E155-4990-47A7-BFBE-72E106788D04}.Release|Any CPU.Build.0 = Release|Any CPU
		{FF8FC78D-F43B-4D33-B0B6-37490502C3F0}.Debug|Any CPU.ActiveCfg = Debug|Any CPU
		{FF8FC78D-F43B-4D33-B0B6-37490502C3F0}.Debug|Any CPU.Build.0 = Debug|Any CPU
		{FF8FC78D-F43B-4D33-B0B6-37490502C3F0}.Release|Any CPU.ActiveCfg = Release|Any CPU
		{FF8FC78D-F43B-4D33-B0B6-37490502C3F0}.Release|Any CPU.Build.0 = Release|Any CPU
		{32A56B08-F8A4-4770-A98F-D7A05374ECBB}.Debug|Any CPU.ActiveCfg = Debug|Any CPU
		{32A56B08-F8A4-4770-A98F-D7A05374ECBB}.Debug|Any CPU.Build.0 = Debug|Any CPU
		{32A56B08-F8A4-4770-A98F-D7A05374ECBB}.Release|Any CPU.ActiveCfg = Release|Any CPU
		{32A56B08-F8A4-4770-A98F-D7A05374ECBB}.Release|Any CPU.Build.0 = Release|Any CPU
		{C6ADF037-F53A-400E-9BAE-623CA6A696DF}.Debug|Any CPU.ActiveCfg = Debug|Any CPU
		{C6ADF037-F53A-400E-9BAE-623CA6A696DF}.Debug|Any CPU.Build.0 = Debug|Any CPU
		{C6ADF037-F53A-400E-9BAE-623CA6A696DF}.Release|Any CPU.ActiveCfg = Release|Any CPU
		{C6ADF037-F53A-400E-9BAE-623CA6A696DF}.Release|Any CPU.Build.0 = Release|Any CPU
		{D845CE15-89C0-4E87-B5E4-44F99D9866B7}.Debug|Any CPU.ActiveCfg = Debug|Any CPU
		{D845CE15-89C0-4E87-B5E4-44F99D9866B7}.Debug|Any CPU.Build.0 = Debug|Any CPU
		{D845CE15-89C0-4E87-B5E4-44F99D9866B7}.Release|Any CPU.ActiveCfg = Release|Any CPU
		{D845CE15-89C0-4E87-B5E4-44F99D9866B7}.Release|Any CPU.Build.0 = Release|Any CPU
		{19E530BF-F874-4B18-96CC-FF00B5B6E71F}.Debug|Any CPU.ActiveCfg = Debug|Any CPU
		{19E530BF-F874-4B18-96CC-FF00B5B6E71F}.Debug|Any CPU.Build.0 = Debug|Any CPU
		{19E530BF-F874-4B18-96CC-FF00B5B6E71F}.Release|Any CPU.ActiveCfg = Release|Any CPU
		{19E530BF-F874-4B18-96CC-FF00B5B6E71F}.Release|Any CPU.Build.0 = Release|Any CPU
		{6563F17E-0DC9-4054-BCF3-6E3C04F6E10C}.Debug|Any CPU.ActiveCfg = Debug|Any CPU
		{6563F17E-0DC9-4054-BCF3-6E3C04F6E10C}.Debug|Any CPU.Build.0 = Debug|Any CPU
		{6563F17E-0DC9-4054-BCF3-6E3C04F6E10C}.Release|Any CPU.ActiveCfg = Release|Any CPU
		{6563F17E-0DC9-4054-BCF3-6E3C04F6E10C}.Release|Any CPU.Build.0 = Release|Any CPU
		{DBB1BADD-CB6C-4AE2-A3AD-16F2AC238FEB}.Debug|Any CPU.ActiveCfg = Debug|Any CPU
		{DBB1BADD-CB6C-4AE2-A3AD-16F2AC238FEB}.Debug|Any CPU.Build.0 = Debug|Any CPU
		{DBB1BADD-CB6C-4AE2-A3AD-16F2AC238FEB}.Release|Any CPU.ActiveCfg = Release|Any CPU
		{DBB1BADD-CB6C-4AE2-A3AD-16F2AC238FEB}.Release|Any CPU.Build.0 = Release|Any CPU
		{79EEC98F-0904-4B5F-8FAC-73407772AD00}.Debug|Any CPU.ActiveCfg = Debug|Any CPU
		{79EEC98F-0904-4B5F-8FAC-73407772AD00}.Debug|Any CPU.Build.0 = Debug|Any CPU
		{79EEC98F-0904-4B5F-8FAC-73407772AD00}.Release|Any CPU.ActiveCfg = Release|Any CPU
		{79EEC98F-0904-4B5F-8FAC-73407772AD00}.Release|Any CPU.Build.0 = Release|Any CPU
		{2643F5B3-4113-47E4-82D9-B1981289FD27}.Debug|Any CPU.ActiveCfg = Debug|Any CPU
		{2643F5B3-4113-47E4-82D9-B1981289FD27}.Debug|Any CPU.Build.0 = Debug|Any CPU
		{2643F5B3-4113-47E4-82D9-B1981289FD27}.Release|Any CPU.ActiveCfg = Release|Any CPU
		{2643F5B3-4113-47E4-82D9-B1981289FD27}.Release|Any CPU.Build.0 = Release|Any CPU
		{734D586C-6D82-4B5A-AB76-5C29EA67D7DF}.Debug|Any CPU.ActiveCfg = Debug|Any CPU
		{734D586C-6D82-4B5A-AB76-5C29EA67D7DF}.Debug|Any CPU.Build.0 = Debug|Any CPU
		{734D586C-6D82-4B5A-AB76-5C29EA67D7DF}.Release|Any CPU.ActiveCfg = Release|Any CPU
		{734D586C-6D82-4B5A-AB76-5C29EA67D7DF}.Release|Any CPU.Build.0 = Release|Any CPU
		{39409C9E-298D-4A94-917D-F8511360EF7F}.Debug|Any CPU.ActiveCfg = Debug|Any CPU
		{39409C9E-298D-4A94-917D-F8511360EF7F}.Debug|Any CPU.Build.0 = Debug|Any CPU
		{39409C9E-298D-4A94-917D-F8511360EF7F}.Release|Any CPU.ActiveCfg = Release|Any CPU
		{39409C9E-298D-4A94-917D-F8511360EF7F}.Release|Any CPU.Build.0 = Release|Any CPU
	EndGlobalSection
	GlobalSection(SolutionProperties) = preSolution
		HideSolutionNode = FALSE
	EndGlobalSection
	GlobalSection(NestedProjects) = preSolution
		{676013CF-FD3C-4013-92A6-382660468D5B} = {343FC067-5AB1-4A58-997D-8877849EDDF9}
		{2F7F18DA-5F9E-4891-A2D3-718C6787E14D} = {5E0B5491-5EEF-4EA8-8255-4924AE326F02}
		{0232FB42-FEFD-44F3-A87C-5EABE943DA0F} = {1BDCF763-3439-438A-ADC9-137E24C757FC}
		{A1E0E155-4990-47A7-BFBE-72E106788D04} = {5E0B5491-5EEF-4EA8-8255-4924AE326F02}
		{FF8FC78D-F43B-4D33-B0B6-37490502C3F0} = {1BDCF763-3439-438A-ADC9-137E24C757FC}
		{1BDCF763-3439-438A-ADC9-137E24C757FC} = {B5B49534-8978-4B68-939C-33504F500F31}
		{5E0B5491-5EEF-4EA8-8255-4924AE326F02} = {B5B49534-8978-4B68-939C-33504F500F31}
		{D0F19B1D-FBFA-4D71-A304-B807B0285DD9} = {B5B49534-8978-4B68-939C-33504F500F31}
		{32A56B08-F8A4-4770-A98F-D7A05374ECBB} = {D0F19B1D-FBFA-4D71-A304-B807B0285DD9}
		{8148C9DC-F392-432E-8F34-B95EBB43BE85} = {B5B49534-8978-4B68-939C-33504F500F31}
		{C6ADF037-F53A-400E-9BAE-623CA6A696DF} = {D0F19B1D-FBFA-4D71-A304-B807B0285DD9}
		{D845CE15-89C0-4E87-B5E4-44F99D9866B7} = {1BDCF763-3439-438A-ADC9-137E24C757FC}
		{19E530BF-F874-4B18-96CC-FF00B5B6E71F} = {D0F19B1D-FBFA-4D71-A304-B807B0285DD9}
		{6563F17E-0DC9-4054-BCF3-6E3C04F6E10C} = {5E0B5491-5EEF-4EA8-8255-4924AE326F02}
		{DBB1BADD-CB6C-4AE2-A3AD-16F2AC238FEB} = {8148C9DC-F392-432E-8F34-B95EBB43BE85}
		{79EEC98F-0904-4B5F-8FAC-73407772AD00} = {8148C9DC-F392-432E-8F34-B95EBB43BE85}
		{2643F5B3-4113-47E4-82D9-B1981289FD27} = {8148C9DC-F392-432E-8F34-B95EBB43BE85}
		{734D586C-6D82-4B5A-AB76-5C29EA67D7DF} = {8148C9DC-F392-432E-8F34-B95EBB43BE85}
		{003834D9-2822-4FEE-9BC3-16B8068D76EA} = {B5B49534-8978-4B68-939C-33504F500F31}
		{39409C9E-298D-4A94-917D-F8511360EF7F} = {003834D9-2822-4FEE-9BC3-16B8068D76EA}
	EndGlobalSection
	GlobalSection(ExtensibilityGlobals) = postSolution
		SolutionGuid = {5FF33CC6-7741-4636-A9D7-142778522C9D}
	EndGlobalSection
EndGlobal
